
Microsoft Visual Studio Solution File, Format Version 12.00
# Visual Studio Version 17
VisualStudioVersion = 17.0.31919.166
MinimumVisualStudioVersion = 10.0.40219.1
Project("{9A19103F-16F7-4668-BE54-9A1E7A4F7556}") = "RecurrentWorkerService", "RecurrentWorkerService\RecurrentWorkerService.csproj", "{9642AA04-BB69-4B6B-9A69-C1CC4F751F03}"
EndProject
Project("{9A19103F-16F7-4668-BE54-9A1E7A4F7556}") = "Application", "Application\Application.csproj", "{ADE2EFE1-EAA6-4FF3-9785-1954A4965B58}"
EndProject
Project("{9A19103F-16F7-4668-BE54-9A1E7A4F7556}") = "RecurrentWorkerService.Distributed", "RecurrentWorkerService.Distributed\RecurrentWorkerService.Distributed.csproj", "{06804002-BD35-4DBA-A3AA-DE95C889C385}"
EndProject
Project("{9A19103F-16F7-4668-BE54-9A1E7A4F7556}") = "RecurrentWorkerService.Distributed.EtcdPersistence", "RecurrentWorkerService.Distributed.EtcdPersistence\RecurrentWorkerService.Distributed.EtcdPersistence.csproj", "{78C16D04-AD1D-4874-9ECF-C833E63B2F2F}"
EndProject
Project("{9A19103F-16F7-4668-BE54-9A1E7A4F7556}") = "RecurrentWorkerService.Distributed.Prioritization", "RecurrentWorkerService.Distributed.Prioritization\RecurrentWorkerService.Distributed.Prioritization.csproj", "{5B3F33F5-D298-4DDE-A6ED-8C9886B49A0F}"
EndProject
Project("{9A19103F-16F7-4668-BE54-9A1E7A4F7556}") = "RecurrentWorkerService.Distributed.EtcdPersistence.Tests", "RecurrentWorkerService.Distributed.EtcdPersistence.Tests\RecurrentWorkerService.Distributed.EtcdPersistence.Tests.csproj", "{344C4F95-6B8E-46D0-873C-2B1C8A35C3B8}"
EndProject
Project("{9A19103F-16F7-4668-BE54-9A1E7A4F7556}") = "RecurrentWorkerService.Distributed.Interfaces", "RecurrentWorkerService.Distributed.Interfaces\RecurrentWorkerService.Distributed.Interfaces.csproj", "{8F121BD8-9F1B-4611-B350-1F8916D93B71}"
EndProject
Project("{2150E333-8FDC-42A3-9474-1A3956D46DE8}") = "Experiments", "Experiments", "{50AC30D0-6741-4183-8F95-1D28C79C30B4}"
EndProject
Project("{9A19103F-16F7-4668-BE54-9A1E7A4F7556}") = "ExperimentalApplication", "Experiments\ExperimentalApplication\ExperimentalApplication.csproj", "{F69EB547-988C-441A-BD7C-84445C3A44FF}"
EndProject
Project("{9A19103F-16F7-4668-BE54-9A1E7A4F7556}") = "EtcdEventsCollector", "Experiments\EtcdEventsCollector\EtcdEventsCollector.csproj", "{B9200D43-86D7-4639-8521-CE2FFD9649DD}"
EndProject
Project("{9A19103F-16F7-4668-BE54-9A1E7A4F7556}") = "EventsAnalyser", "Experiments\EventsAnalyser\EventsAnalyser.csproj", "{ED762548-66CC-47D9-A61C-B8C23318C96F}"
EndProject
Global
	GlobalSection(SolutionConfigurationPlatforms) = preSolution
		Debug|Any CPU = Debug|Any CPU
		Release|Any CPU = Release|Any CPU
	EndGlobalSection
	GlobalSection(ProjectConfigurationPlatforms) = postSolution
		{9642AA04-BB69-4B6B-9A69-C1CC4F751F03}.Debug|Any CPU.ActiveCfg = Debug|Any CPU
		{9642AA04-BB69-4B6B-9A69-C1CC4F751F03}.Debug|Any CPU.Build.0 = Debug|Any CPU
		{9642AA04-BB69-4B6B-9A69-C1CC4F751F03}.Release|Any CPU.ActiveCfg = Release|Any CPU
		{9642AA04-BB69-4B6B-9A69-C1CC4F751F03}.Release|Any CPU.Build.0 = Release|Any CPU
		{ADE2EFE1-EAA6-4FF3-9785-1954A4965B58}.Debug|Any CPU.ActiveCfg = Debug|Any CPU
		{ADE2EFE1-EAA6-4FF3-9785-1954A4965B58}.Debug|Any CPU.Build.0 = Debug|Any CPU
		{ADE2EFE1-EAA6-4FF3-9785-1954A4965B58}.Release|Any CPU.ActiveCfg = Release|Any CPU
		{ADE2EFE1-EAA6-4FF3-9785-1954A4965B58}.Release|Any CPU.Build.0 = Release|Any CPU
		{06804002-BD35-4DBA-A3AA-DE95C889C385}.Debug|Any CPU.ActiveCfg = Debug|Any CPU
		{06804002-BD35-4DBA-A3AA-DE95C889C385}.Debug|Any CPU.Build.0 = Debug|Any CPU
		{06804002-BD35-4DBA-A3AA-DE95C889C385}.Release|Any CPU.ActiveCfg = Release|Any CPU
		{06804002-BD35-4DBA-A3AA-DE95C889C385}.Release|Any CPU.Build.0 = Release|Any CPU
		{78C16D04-AD1D-4874-9ECF-C833E63B2F2F}.Debug|Any CPU.ActiveCfg = Debug|Any CPU
		{78C16D04-AD1D-4874-9ECF-C833E63B2F2F}.Debug|Any CPU.Build.0 = Debug|Any CPU
		{78C16D04-AD1D-4874-9ECF-C833E63B2F2F}.Release|Any CPU.ActiveCfg = Release|Any CPU
		{78C16D04-AD1D-4874-9ECF-C833E63B2F2F}.Release|Any CPU.Build.0 = Release|Any CPU
		{5B3F33F5-D298-4DDE-A6ED-8C9886B49A0F}.Debug|Any CPU.ActiveCfg = Debug|Any CPU
		{5B3F33F5-D298-4DDE-A6ED-8C9886B49A0F}.Debug|Any CPU.Build.0 = Debug|Any CPU
		{5B3F33F5-D298-4DDE-A6ED-8C9886B49A0F}.Release|Any CPU.ActiveCfg = Release|Any CPU
		{5B3F33F5-D298-4DDE-A6ED-8C9886B49A0F}.Release|Any CPU.Build.0 = Release|Any CPU
		{344C4F95-6B8E-46D0-873C-2B1C8A35C3B8}.Debug|Any CPU.ActiveCfg = Debug|Any CPU
		{344C4F95-6B8E-46D0-873C-2B1C8A35C3B8}.Debug|Any CPU.Build.0 = Debug|Any CPU
		{344C4F95-6B8E-46D0-873C-2B1C8A35C3B8}.Release|Any CPU.ActiveCfg = Release|Any CPU
		{344C4F95-6B8E-46D0-873C-2B1C8A35C3B8}.Release|Any CPU.Build.0 = Release|Any CPU
		{8F121BD8-9F1B-4611-B350-1F8916D93B71}.Debug|Any CPU.ActiveCfg = Debug|Any CPU
		{8F121BD8-9F1B-4611-B350-1F8916D93B71}.Debug|Any CPU.Build.0 = Debug|Any CPU
		{8F121BD8-9F1B-4611-B350-1F8916D93B71}.Release|Any CPU.ActiveCfg = Release|Any CPU
		{8F121BD8-9F1B-4611-B350-1F8916D93B71}.Release|Any CPU.Build.0 = Release|Any CPU
		{F69EB547-988C-441A-BD7C-84445C3A44FF}.Debug|Any CPU.ActiveCfg = Debug|Any CPU
		{F69EB547-988C-441A-BD7C-84445C3A44FF}.Debug|Any CPU.Build.0 = Debug|Any CPU
		{F69EB547-988C-441A-BD7C-84445C3A44FF}.Release|Any CPU.ActiveCfg = Release|Any CPU
		{F69EB547-988C-441A-BD7C-84445C3A44FF}.Release|Any CPU.Build.0 = Release|Any CPU
		{B9200D43-86D7-4639-8521-CE2FFD9649DD}.Debug|Any CPU.ActiveCfg = Debug|Any CPU
		{B9200D43-86D7-4639-8521-CE2FFD9649DD}.Debug|Any CPU.Build.0 = Debug|Any CPU
		{B9200D43-86D7-4639-8521-CE2FFD9649DD}.Release|Any CPU.ActiveCfg = Release|Any CPU
		{B9200D43-86D7-4639-8521-CE2FFD9649DD}.Release|Any CPU.Build.0 = Release|Any CPU
		{ED762548-66CC-47D9-A61C-B8C23318C96F}.Debug|Any CPU.ActiveCfg = Debug|Any CPU
		{ED762548-66CC-47D9-A61C-B8C23318C96F}.Debug|Any CPU.Build.0 = Debug|Any CPU
		{ED762548-66CC-47D9-A61C-B8C23318C96F}.Release|Any CPU.ActiveCfg = Release|Any CPU
		{ED762548-66CC-47D9-A61C-B8C23318C96F}.Release|Any CPU.Build.0 = Release|Any CPU
	EndGlobalSection
	GlobalSection(SolutionProperties) = preSolution
		HideSolutionNode = FALSE
	EndGlobalSection
	GlobalSection(NestedProjects) = preSolution
		{F69EB547-988C-441A-BD7C-84445C3A44FF} = {50AC30D0-6741-4183-8F95-1D28C79C30B4}
		{B9200D43-86D7-4639-8521-CE2FFD9649DD} = {50AC30D0-6741-4183-8F95-1D28C79C30B4}
		{ED762548-66CC-47D9-A61C-B8C23318C96F} = {50AC30D0-6741-4183-8F95-1D28C79C30B4}
	EndGlobalSection
	GlobalSection(ExtensibilityGlobals) = postSolution
		SolutionGuid = {178F5451-9534-4E21-AADE-4B0F50A6F17E}
	EndGlobalSection
EndGlobal
