
Microsoft Visual Studio Solution File, Format Version 12.00
# Visual Studio Version 17
VisualStudioVersion = 17.0.31919.166
MinimumVisualStudioVersion = 10.0.40219.1
Project("{9A19103F-16F7-4668-BE54-9A1E7A4F7556}") = "RecurrentWorkerService", "RecurrentWorkerService\RecurrentWorkerService.csproj", "{9642AA04-BB69-4B6B-9A69-C1CC4F751F03}"
EndProject
Project("{9A19103F-16F7-4668-BE54-9A1E7A4F7556}") = "Application", "Application\Application.csproj", "{ADE2EFE1-EAA6-4FF3-9785-1954A4965B58}"
EndProject
Project("{9A19103F-16F7-4668-BE54-9A1E7A4F7556}") = "RecurrentWorkerService.Distributed", "RecurrentWorkerService.Distributed\RecurrentWorkerService.Distributed.csproj", "{06804002-BD35-4DBA-A3AA-DE95C889C385}"
EndProject
Project("{9A19103F-16F7-4668-BE54-9A1E7A4F7556}") = "RecurrentWorkerService.Distributed.EtcdPersistence", "RecurrentWorkerService.Distributed.EtcdPersistence\RecurrentWorkerService.Distributed.EtcdPersistence.csproj", "{78C16D04-AD1D-4874-9ECF-C833E63B2F2F}"
EndProject
Global
	GlobalSection(SolutionConfigurationPlatforms) = preSolution
		Debug|Any CPU = Debug|Any CPU
		Release|Any CPU = Release|Any CPU
	EndGlobalSection
	GlobalSection(ProjectConfigurationPlatforms) = postSolution
		{9642AA04-BB69-4B6B-9A69-C1CC4F751F03}.Debug|Any CPU.ActiveCfg = Debug|Any CPU
		{9642AA04-BB69-4B6B-9A69-C1CC4F751F03}.Debug|Any CPU.Build.0 = Debug|Any CPU
		{9642AA04-BB69-4B6B-9A69-C1CC4F751F03}.Release|Any CPU.ActiveCfg = Release|Any CPU
		{9642AA04-BB69-4B6B-9A69-C1CC4F751F03}.Release|Any CPU.Build.0 = Release|Any CPU
		{ADE2EFE1-EAA6-4FF3-9785-1954A4965B58}.Debug|Any CPU.ActiveCfg = Debug|Any CPU
		{ADE2EFE1-EAA6-4FF3-9785-1954A4965B58}.Debug|Any CPU.Build.0 = Debug|Any CPU
		{ADE2EFE1-EAA6-4FF3-9785-1954A4965B58}.Release|Any CPU.ActiveCfg = Release|Any CPU
		{ADE2EFE1-EAA6-4FF3-9785-1954A4965B58}.Release|Any CPU.Build.0 = Release|Any CPU
		{06804002-BD35-4DBA-A3AA-DE95C889C385}.Debug|Any CPU.ActiveCfg = Debug|Any CPU
		{06804002-BD35-4DBA-A3AA-DE95C889C385}.Debug|Any CPU.Build.0 = Debug|Any CPU
		{06804002-BD35-4DBA-A3AA-DE95C889C385}.Release|Any CPU.ActiveCfg = Release|Any CPU
		{06804002-BD35-4DBA-A3AA-DE95C889C385}.Release|Any CPU.Build.0 = Release|Any CPU
		{78C16D04-AD1D-4874-9ECF-C833E63B2F2F}.Debug|Any CPU.ActiveCfg = Debug|Any CPU
		{78C16D04-AD1D-4874-9ECF-C833E63B2F2F}.Debug|Any CPU.Build.0 = Debug|Any CPU
		{78C16D04-AD1D-4874-9ECF-C833E63B2F2F}.Release|Any CPU.ActiveCfg = Release|Any CPU
		{78C16D04-AD1D-4874-9ECF-C833E63B2F2F}.Release|Any CPU.Build.0 = Release|Any CPU
	EndGlobalSection
	GlobalSection(SolutionProperties) = preSolution
		HideSolutionNode = FALSE
	EndGlobalSection
	GlobalSection(ExtensibilityGlobals) = postSolution
		SolutionGuid = {178F5451-9534-4E21-AADE-4B0F50A6F17E}
	EndGlobalSection
EndGlobal
